// !$*UTF8*$!
{
	archiveVersion = 1;
	classes = {
	};
	objectVersion = 46;
	objects = {

/* Begin PBXBuildFile section */
		E91E3FB11C3D0E4200027493 /* main.m in Sources */ = {isa = PBXBuildFile; fileRef = E91E3FB01C3D0E4200027493 /* main.m */; };
		E91E3FB41C3D0E4200027493 /* AppDelegate.m in Sources */ = {isa = PBXBuildFile; fileRef = E91E3FB31C3D0E4200027493 /* AppDelegate.m */; };
		E91E3FB71C3D0E4200027493 /* FirstViewController.m in Sources */ = {isa = PBXBuildFile; fileRef = E91E3FB61C3D0E4200027493 /* FirstViewController.m */; };
		E91E3FBA1C3D0E4200027493 /* SecondViewController.m in Sources */ = {isa = PBXBuildFile; fileRef = E91E3FB91C3D0E4200027493 /* SecondViewController.m */; };
		E91E3FBD1C3D0E4200027493 /* Main.storyboard in Resources */ = {isa = PBXBuildFile; fileRef = E91E3FBB1C3D0E4200027493 /* Main.storyboard */; };
		E91E3FBF1C3D0E4200027493 /* Assets.xcassets in Resources */ = {isa = PBXBuildFile; fileRef = E91E3FBE1C3D0E4200027493 /* Assets.xcassets */; };
		E91E3FC21C3D0E4200027493 /* LaunchScreen.storyboard in Resources */ = {isa = PBXBuildFile; fileRef = E91E3FC01C3D0E4200027493 /* LaunchScreen.storyboard */; };
		E91E3FCB1C3D0E5800027493 /* Parse.framework in Frameworks */ = {isa = PBXBuildFile; fileRef = E91E3FCA1C3D0E5800027493 /* Parse.framework */; };
		E91E3FCD1C3D0F7700027493 /* AudioToolbox.framework in Frameworks */ = {isa = PBXBuildFile; fileRef = E91E3FCC1C3D0F7700027493 /* AudioToolbox.framework */; };
		E91E3FCF1C3D0F7D00027493 /* CFNetwork.framework in Frameworks */ = {isa = PBXBuildFile; fileRef = E91E3FCE1C3D0F7D00027493 /* CFNetwork.framework */; };
		E91E3FD11C3D0F8700027493 /* CoreGraphics.framework in Frameworks */ = {isa = PBXBuildFile; fileRef = E91E3FD01C3D0F8700027493 /* CoreGraphics.framework */; };
		E91E3FD31C3D0F8D00027493 /* CoreLocation.framework in Frameworks */ = {isa = PBXBuildFile; fileRef = E91E3FD21C3D0F8D00027493 /* CoreLocation.framework */; };
		E91E3FD51C3D0F9200027493 /* QuartzCore.framework in Frameworks */ = {isa = PBXBuildFile; fileRef = E91E3FD41C3D0F9200027493 /* QuartzCore.framework */; };
		E91E3FD71C3D0F9600027493 /* Security.framework in Frameworks */ = {isa = PBXBuildFile; fileRef = E91E3FD61C3D0F9600027493 /* Security.framework */; };
		E91E3FD91C3D0F9900027493 /* StoreKit.framework in Frameworks */ = {isa = PBXBuildFile; fileRef = E91E3FD81C3D0F9900027493 /* StoreKit.framework */; };
		E91E3FDB1C3D0FA100027493 /* SystemConfiguration.framework in Frameworks */ = {isa = PBXBuildFile; fileRef = E91E3FDA1C3D0FA100027493 /* SystemConfiguration.framework */; };
		E91E3FDD1C3D0FA600027493 /* libz.tbd in Frameworks */ = {isa = PBXBuildFile; fileRef = E91E3FDC1C3D0FA600027493 /* libz.tbd */; };
		E91E3FDF1C3D0FAB00027493 /* libsqlite3.tbd in Frameworks */ = {isa = PBXBuildFile; fileRef = E91E3FDE1C3D0FAB00027493 /* libsqlite3.tbd */; };
		E91E3FE11C3D0FFF00027493 /* Bolts.framework in Frameworks */ = {isa = PBXBuildFile; fileRef = E91E3FE01C3D0FFF00027493 /* Bolts.framework */; };
		E91E3FE61C3D36BA00027493 /* ATLabel.m in Sources */ = {isa = PBXBuildFile; fileRef = E91E3FE51C3D36BA00027493 /* ATLabel.m */; };
/* End PBXBuildFile section */

/* Begin PBXFileReference section */
		E91E3FAC1C3D0E4200027493 /* marquee.app */ = {isa = PBXFileReference; explicitFileType = wrapper.application; includeInIndex = 0; path = marquee.app; sourceTree = BUILT_PRODUCTS_DIR; };
		E91E3FB01C3D0E4200027493 /* main.m */ = {isa = PBXFileReference; lastKnownFileType = sourcecode.c.objc; path = main.m; sourceTree = "<group>"; };
		E91E3FB21C3D0E4200027493 /* AppDelegate.h */ = {isa = PBXFileReference; lastKnownFileType = sourcecode.c.h; path = AppDelegate.h; sourceTree = "<group>"; };
		E91E3FB31C3D0E4200027493 /* AppDelegate.m */ = {isa = PBXFileReference; lastKnownFileType = sourcecode.c.objc; path = AppDelegate.m; sourceTree = "<group>"; };
		E91E3FB51C3D0E4200027493 /* FirstViewController.h */ = {isa = PBXFileReference; lastKnownFileType = sourcecode.c.h; path = FirstViewController.h; sourceTree = "<group>"; };
		E91E3FB61C3D0E4200027493 /* FirstViewController.m */ = {isa = PBXFileReference; lastKnownFileType = sourcecode.c.objc; path = FirstViewController.m; sourceTree = "<group>"; };
		E91E3FB81C3D0E4200027493 /* SecondViewController.h */ = {isa = PBXFileReference; lastKnownFileType = sourcecode.c.h; path = SecondViewController.h; sourceTree = "<group>"; };
		E91E3FB91C3D0E4200027493 /* SecondViewController.m */ = {isa = PBXFileReference; lastKnownFileType = sourcecode.c.objc; path = SecondViewController.m; sourceTree = "<group>"; };
		E91E3FBC1C3D0E4200027493 /* Base */ = {isa = PBXFileReference; lastKnownFileType = file.storyboard; name = Base; path = Base.lproj/Main.storyboard; sourceTree = "<group>"; };
		E91E3FBE1C3D0E4200027493 /* Assets.xcassets */ = {isa = PBXFileReference; lastKnownFileType = folder.assetcatalog; path = Assets.xcassets; sourceTree = "<group>"; };
		E91E3FC11C3D0E4200027493 /* Base */ = {isa = PBXFileReference; lastKnownFileType = file.storyboard; name = Base; path = Base.lproj/LaunchScreen.storyboard; sourceTree = "<group>"; };
		E91E3FC31C3D0E4200027493 /* Info.plist */ = {isa = PBXFileReference; lastKnownFileType = text.plist.xml; path = Info.plist; sourceTree = "<group>"; };
		E91E3FCA1C3D0E5800027493 /* Parse.framework */ = {isa = PBXFileReference; lastKnownFileType = wrapper.framework; path = Parse.framework; sourceTree = "<group>"; };
		E91E3FCC1C3D0F7700027493 /* AudioToolbox.framework */ = {isa = PBXFileReference; lastKnownFileType = wrapper.framework; name = AudioToolbox.framework; path = System/Library/Frameworks/AudioToolbox.framework; sourceTree = SDKROOT; };
		E91E3FCE1C3D0F7D00027493 /* CFNetwork.framework */ = {isa = PBXFileReference; lastKnownFileType = wrapper.framework; name = CFNetwork.framework; path = System/Library/Frameworks/CFNetwork.framework; sourceTree = SDKROOT; };
		E91E3FD01C3D0F8700027493 /* CoreGraphics.framework */ = {isa = PBXFileReference; lastKnownFileType = wrapper.framework; name = CoreGraphics.framework; path = System/Library/Frameworks/CoreGraphics.framework; sourceTree = SDKROOT; };
		E91E3FD21C3D0F8D00027493 /* CoreLocation.framework */ = {isa = PBXFileReference; lastKnownFileType = wrapper.framework; name = CoreLocation.framework; path = System/Library/Frameworks/CoreLocation.framework; sourceTree = SDKROOT; };
		E91E3FD41C3D0F9200027493 /* QuartzCore.framework */ = {isa = PBXFileReference; lastKnownFileType = wrapper.framework; name = QuartzCore.framework; path = System/Library/Frameworks/QuartzCore.framework; sourceTree = SDKROOT; };
		E91E3FD61C3D0F9600027493 /* Security.framework */ = {isa = PBXFileReference; lastKnownFileType = wrapper.framework; name = Security.framework; path = System/Library/Frameworks/Security.framework; sourceTree = SDKROOT; };
		E91E3FD81C3D0F9900027493 /* StoreKit.framework */ = {isa = PBXFileReference; lastKnownFileType = wrapper.framework; name = StoreKit.framework; path = System/Library/Frameworks/StoreKit.framework; sourceTree = SDKROOT; };
		E91E3FDA1C3D0FA100027493 /* SystemConfiguration.framework */ = {isa = PBXFileReference; lastKnownFileType = wrapper.framework; name = SystemConfiguration.framework; path = System/Library/Frameworks/SystemConfiguration.framework; sourceTree = SDKROOT; };
		E91E3FDC1C3D0FA600027493 /* libz.tbd */ = {isa = PBXFileReference; lastKnownFileType = "sourcecode.text-based-dylib-definition"; name = libz.tbd; path = usr/lib/libz.tbd; sourceTree = SDKROOT; };
		E91E3FDE1C3D0FAB00027493 /* libsqlite3.tbd */ = {isa = PBXFileReference; lastKnownFileType = "sourcecode.text-based-dylib-definition"; name = libsqlite3.tbd; path = usr/lib/libsqlite3.tbd; sourceTree = SDKROOT; };
		E91E3FE01C3D0FFF00027493 /* Bolts.framework */ = {isa = PBXFileReference; lastKnownFileType = wrapper.framework; path = Bolts.framework; sourceTree = "<group>"; };
		E91E3FE41C3D36BA00027493 /* ATLabel.h */ = {isa = PBXFileReference; fileEncoding = 4; lastKnownFileType = sourcecode.c.h; path = ATLabel.h; sourceTree = "<group>"; };
		E91E3FE51C3D36BA00027493 /* ATLabel.m */ = {isa = PBXFileReference; fileEncoding = 4; lastKnownFileType = sourcecode.c.objc; path = ATLabel.m; sourceTree = "<group>"; };
/* End PBXFileReference section */

/* Begin PBXFrameworksBuildPhase section */
		E91E3FA91C3D0E4200027493 /* Frameworks */ = {
			isa = PBXFrameworksBuildPhase;
			buildActionMask = 2147483647;
			files = (
				E91E3FDF1C3D0FAB00027493 /* libsqlite3.tbd in Frameworks */,
				E91E3FDD1C3D0FA600027493 /* libz.tbd in Frameworks */,
				E91E3FDB1C3D0FA100027493 /* SystemConfiguration.framework in Frameworks */,
				E91E3FE11C3D0FFF00027493 /* Bolts.framework in Frameworks */,
				E91E3FD91C3D0F9900027493 /* StoreKit.framework in Frameworks */,
				E91E3FD71C3D0F9600027493 /* Security.framework in Frameworks */,
				E91E3FD51C3D0F9200027493 /* QuartzCore.framework in Frameworks */,
				E91E3FD31C3D0F8D00027493 /* CoreLocation.framework in Frameworks */,
				E91E3FD11C3D0F8700027493 /* CoreGraphics.framework in Frameworks */,
				E91E3FCF1C3D0F7D00027493 /* CFNetwork.framework in Frameworks */,
				E91E3FCD1C3D0F7700027493 /* AudioToolbox.framework in Frameworks */,
				E91E3FCB1C3D0E5800027493 /* Parse.framework in Frameworks */,
			);
			runOnlyForDeploymentPostprocessing = 0;
		};
/* End PBXFrameworksBuildPhase section */

/* Begin PBXGroup section */
		E91E3FA31C3D0E4200027493 = {
			isa = PBXGroup;
			children = (
				E91E3FAE1C3D0E4200027493 /* marquee */,
				E91E3FAD1C3D0E4200027493 /* Products */,
			);
			sourceTree = "<group>";
		};
		E91E3FAD1C3D0E4200027493 /* Products */ = {
			isa = PBXGroup;
			children = (
				E91E3FAC1C3D0E4200027493 /* marquee.app */,
			);
			name = Products;
			sourceTree = "<group>";
		};
		E91E3FAE1C3D0E4200027493 /* marquee */ = {
			isa = PBXGroup;
			children = (
				E91E3FC91C3D0E4F00027493 /* framework */,
				E91E3FB21C3D0E4200027493 /* AppDelegate.h */,
				E91E3FB31C3D0E4200027493 /* AppDelegate.m */,
				E91E3FB51C3D0E4200027493 /* FirstViewController.h */,
				E91E3FB61C3D0E4200027493 /* FirstViewController.m */,
				E91E3FB81C3D0E4200027493 /* SecondViewController.h */,
				E91E3FB91C3D0E4200027493 /* SecondViewController.m */,
				E91E3FBB1C3D0E4200027493 /* Main.storyboard */,
				E91E3FBE1C3D0E4200027493 /* Assets.xcassets */,
				E91E3FC01C3D0E4200027493 /* LaunchScreen.storyboard */,
				E91E3FC31C3D0E4200027493 /* Info.plist */,
				E91E3FAF1C3D0E4200027493 /* Supporting Files */,
			);
			path = marquee;
			sourceTree = "<group>";
		};
		E91E3FAF1C3D0E4200027493 /* Supporting Files */ = {
			isa = PBXGroup;
			children = (
				E91E3FB01C3D0E4200027493 /* main.m */,
			);
			name = "Supporting Files";
			sourceTree = "<group>";
		};
		E91E3FC91C3D0E4F00027493 /* framework */ = {
			isa = PBXGroup;
			children = (
				E91E3FE41C3D36BA00027493 /* ATLabel.h */,
				E91E3FE51C3D36BA00027493 /* ATLabel.m */,
				E91E3FE01C3D0FFF00027493 /* Bolts.framework */,
				E91E3FDE1C3D0FAB00027493 /* libsqlite3.tbd */,
				E91E3FDC1C3D0FA600027493 /* libz.tbd */,
				E91E3FDA1C3D0FA100027493 /* SystemConfiguration.framework */,
				E91E3FD81C3D0F9900027493 /* StoreKit.framework */,
				E91E3FD61C3D0F9600027493 /* Security.framework */,
				E91E3FD41C3D0F9200027493 /* QuartzCore.framework */,
				E91E3FD21C3D0F8D00027493 /* CoreLocation.framework */,
				E91E3FD01C3D0F8700027493 /* CoreGraphics.framework */,
				E91E3FCE1C3D0F7D00027493 /* CFNetwork.framework */,
				E91E3FCC1C3D0F7700027493 /* AudioToolbox.framework */,
				E91E3FCA1C3D0E5800027493 /* Parse.framework */,
			);
			name = framework;
			sourceTree = "<group>";
		};
/* End PBXGroup section */

/* Begin PBXNativeTarget section */
		E91E3FAB1C3D0E4200027493 /* marquee */ = {
			isa = PBXNativeTarget;
			buildConfigurationList = E91E3FC61C3D0E4200027493 /* Build configuration list for PBXNativeTarget "marquee" */;
			buildPhases = (
				E91E3FA81C3D0E4200027493 /* Sources */,
				E91E3FA91C3D0E4200027493 /* Frameworks */,
				E91E3FAA1C3D0E4200027493 /* Resources */,
			);
			buildRules = (
			);
			dependencies = (
			);
			name = marquee;
			productName = marquee;
			productReference = E91E3FAC1C3D0E4200027493 /* marquee.app */;
			productType = "com.apple.product-type.application";
		};
/* End PBXNativeTarget section */

/* Begin PBXProject section */
		E91E3FA41C3D0E4200027493 /* Project object */ = {
			isa = PBXProject;
			attributes = {
				LastUpgradeCheck = 0720;
				ORGANIZATIONNAME = thomasrobin;
				TargetAttributes = {
					E91E3FAB1C3D0E4200027493 = {
						CreatedOnToolsVersion = 7.2;
					};
				};
			};
			buildConfigurationList = E91E3FA71C3D0E4200027493 /* Build configuration list for PBXProject "marquee" */;
			compatibilityVersion = "Xcode 3.2";
			developmentRegion = English;
			hasScannedForEncodings = 0;
			knownRegions = (
				en,
				Base,
			);
			mainGroup = E91E3FA31C3D0E4200027493;
			productRefGroup = E91E3FAD1C3D0E4200027493 /* Products */;
			projectDirPath = "";
			projectRoot = "";
			targets = (
				E91E3FAB1C3D0E4200027493 /* marquee */,
			);
		};
/* End PBXProject section */

/* Begin PBXResourcesBuildPhase section */
		E91E3FAA1C3D0E4200027493 /* Resources */ = {
			isa = PBXResourcesBuildPhase;
			buildActionMask = 2147483647;
			files = (
				E91E3FC21C3D0E4200027493 /* LaunchScreen.storyboard in Resources */,
				E91E3FBF1C3D0E4200027493 /* Assets.xcassets in Resources */,
				E91E3FBD1C3D0E4200027493 /* Main.storyboard in Resources */,
			);
			runOnlyForDeploymentPostprocessing = 0;
		};
/* End PBXResourcesBuildPhase section */

/* Begin PBXSourcesBuildPhase section */
		E91E3FA81C3D0E4200027493 /* Sources */ = {
			isa = PBXSourcesBuildPhase;
			buildActionMask = 2147483647;
			files = (
				E91E3FBA1C3D0E4200027493 /* SecondViewController.m in Sources */,
				E91E3FB41C3D0E4200027493 /* AppDelegate.m in Sources */,
				E91E3FB71C3D0E4200027493 /* FirstViewController.m in Sources */,
				E91E3FB11C3D0E4200027493 /* main.m in Sources */,
				E91E3FE61C3D36BA00027493 /* ATLabel.m in Sources */,
			);
			runOnlyForDeploymentPostprocessing = 0;
		};
/* End PBXSourcesBuildPhase section */

/* Begin PBXVariantGroup section */
		E91E3FBB1C3D0E4200027493 /* Main.storyboard */ = {
			isa = PBXVariantGroup;
			children = (
				E91E3FBC1C3D0E4200027493 /* Base */,
			);
			name = Main.storyboard;
			sourceTree = "<group>";
		};
		E91E3FC01C3D0E4200027493 /* LaunchScreen.storyboard */ = {
			isa = PBXVariantGroup;
			children = (
				E91E3FC11C3D0E4200027493 /* Base */,
			);
			name = LaunchScreen.storyboard;
			sourceTree = "<group>";
		};
/* End PBXVariantGroup section */

/* Begin XCBuildConfiguration section */
		E91E3FC41C3D0E4200027493 /* Debug */ = {
			isa = XCBuildConfiguration;
			buildSettings = {
				ALWAYS_SEARCH_USER_PATHS = NO;
				CLANG_CXX_LANGUAGE_STANDARD = "gnu++0x";
				CLANG_CXX_LIBRARY = "libc++";
				CLANG_ENABLE_MODULES = YES;
				CLANG_ENABLE_OBJC_ARC = YES;
				CLANG_WARN_BOOL_CONVERSION = YES;
				CLANG_WARN_CONSTANT_CONVERSION = YES;
				CLANG_WARN_DIRECT_OBJC_ISA_USAGE = YES_ERROR;
				CLANG_WARN_EMPTY_BODY = YES;
				CLANG_WARN_ENUM_CONVERSION = YES;
				CLANG_WARN_INT_CONVERSION = YES;
				CLANG_WARN_OBJC_ROOT_CLASS = YES_ERROR;
				CLANG_WARN_UNREACHABLE_CODE = YES;
				CLANG_WARN__DUPLICATE_METHOD_MATCH = YES;
				"CODE_SIGN_IDENTITY[sdk=iphoneos*]" = "iPhone Developer";
				COPY_PHASE_STRIP = NO;
				DEBUG_INFORMATION_FORMAT = dwarf;
				ENABLE_STRICT_OBJC_MSGSEND = YES;
				ENABLE_TESTABILITY = YES;
				GCC_C_LANGUAGE_STANDARD = gnu99;
				GCC_DYNAMIC_NO_PIC = NO;
				GCC_NO_COMMON_BLOCKS = YES;
				GCC_OPTIMIZATION_LEVEL = 0;
				GCC_PREPROCESSOR_DEFINITIONS = (
					"DEBUG=1",
					"$(inherited)",
				);
				GCC_WARN_64_TO_32_BIT_CONVERSION = YES;
				GCC_WARN_ABOUT_RETURN_TYPE = YES_ERROR;
				GCC_WARN_UNDECLARED_SELECTOR = YES;
				GCC_WARN_UNINITIALIZED_AUTOS = YES_AGGRESSIVE;
				GCC_WARN_UNUSED_FUNCTION = YES;
				GCC_WARN_UNUSED_VARIABLE = YES;
				IPHONEOS_DEPLOYMENT_TARGET = 9.2;
				MTL_ENABLE_DEBUG_INFO = YES;
				ONLY_ACTIVE_ARCH = YES;
				SDKROOT = iphoneos;
			};
			name = Debug;
		};
		E91E3FC51C3D0E4200027493 /* Release */ = {
			isa = XCBuildConfiguration;
			buildSettings = {
				ALWAYS_SEARCH_USER_PATHS = NO;
				CLANG_CXX_LANGUAGE_STANDARD = "gnu++0x";
				CLANG_CXX_LIBRARY = "libc++";
				CLANG_ENABLE_MODULES = YES;
				CLANG_ENABLE_OBJC_ARC = YES;
				CLANG_WARN_BOOL_CONVERSION = YES;
				CLANG_WARN_CONSTANT_CONVERSION = YES;
				CLANG_WARN_DIRECT_OBJC_ISA_USAGE = YES_ERROR;
				CLANG_WARN_EMPTY_BODY = YES;
				CLANG_WARN_ENUM_CONVERSION = YES;
				CLANG_WARN_INT_CONVERSION = YES;
				CLANG_WARN_OBJC_ROOT_CLASS = YES_ERROR;
				CLANG_WARN_UNREACHABLE_CODE = YES;
				CLANG_WARN__DUPLICATE_METHOD_MATCH = YES;
				"CODE_SIGN_IDENTITY[sdk=iphoneos*]" = "iPhone Developer";
				COPY_PHASE_STRIP = NO;
				DEBUG_INFORMATION_FORMAT = "dwarf-with-dsym";
				ENABLE_NS_ASSERTIONS = NO;
				ENABLE_STRICT_OBJC_MSGSEND = YES;
				GCC_C_LANGUAGE_STANDARD = gnu99;
				GCC_NO_COMMON_BLOCKS = YES;
				GCC_WARN_64_TO_32_BIT_CONVERSION = YES;
				GCC_WARN_ABOUT_RETURN_TYPE = YES_ERROR;
				GCC_WARN_UNDECLARED_SELECTOR = YES;
				GCC_WARN_UNINITIALIZED_AUTOS = YES_AGGRESSIVE;
				GCC_WARN_UNUSED_FUNCTION = YES;
				GCC_WARN_UNUSED_VARIABLE = YES;
				IPHONEOS_DEPLOYMENT_TARGET = 9.2;
				MTL_ENABLE_DEBUG_INFO = NO;
				SDKROOT = iphoneos;
				VALIDATE_PRODUCT = YES;
			};
			name = Release;
		};
		E91E3FC71C3D0E4200027493 /* Debug */ = {
			isa = XCBuildConfiguration;
			buildSettings = {
				ASSETCATALOG_COMPILER_APPICON_NAME = AppIcon;
				FRAMEWORK_SEARCH_PATHS = (
					"$(inherited)",
					"$(PROJECT_DIR)/marquee",
				);
				INFOPLIST_FILE = marquee/Info.plist;
				LD_RUNPATH_SEARCH_PATHS = "$(inherited) @executable_path/Frameworks";
				PRODUCT_BUNDLE_IDENTIFIER = com.thomasrobin.marquee;
				PRODUCT_NAME = "$(TARGET_NAME)";
			};
			name = Debug;
		};
		E91E3FC81C3D0E4200027493 /* Release */ = {
			isa = XCBuildConfiguration;
			buildSettings = {
				ASSETCATALOG_COMPILER_APPICON_NAME = AppIcon;
				FRAMEWORK_SEARCH_PATHS = (
					"$(inherited)",
					"$(PROJECT_DIR)/marquee",
				);
				INFOPLIST_FILE = marquee/Info.plist;
				LD_RUNPATH_SEARCH_PATHS = "$(inherited) @executable_path/Frameworks";
				PRODUCT_BUNDLE_IDENTIFIER = com.thomasrobin.marquee;
				PRODUCT_NAME = "$(TARGET_NAME)";
			};
			name = Release;
		};
/* End XCBuildConfiguration section */

/* Begin XCConfigurationList section */
		E91E3FA71C3D0E4200027493 /* Build configuration list for PBXProject "marquee" */ = {
			isa = XCConfigurationList;
			buildConfigurations = (
				E91E3FC41C3D0E4200027493 /* Debug */,
				E91E3FC51C3D0E4200027493 /* Release */,
			);
			defaultConfigurationIsVisible = 0;
			defaultConfigurationName = Release;
		};
		E91E3FC61C3D0E4200027493 /* Build configuration list for PBXNativeTarget "marquee" */ = {
			isa = XCConfigurationList;
			buildConfigurations = (
				E91E3FC71C3D0E4200027493 /* Debug */,
				E91E3FC81C3D0E4200027493 /* Release */,
			);
			defaultConfigurationIsVisible = 0;
		};
/* End XCConfigurationList section */
	};
	rootObject = E91E3FA41C3D0E4200027493 /* Project object */;
}
